<?xml version="1.0" encoding="utf-8"?>
<Project ToolsVersion="4.0" xmlns="http://schemas.microsoft.com/developer/msbuild/2003">
  <ItemGroup>
    <Filter Include="Source Files">
      <UniqueIdentifier>{4FC737F1-C7A5-4376-A066-2A32D752A2FF}</UniqueIdentifier>
      <Extensions>cpp;c;cc;cxx;c++;cppm;ixx;def;odl;idl;hpj;bat;asm;asmx</Extensions>
    </Filter>
    <Filter Include="Header Files">
      <UniqueIdentifier>{93995380-89BD-4b04-88EB-625FBE52EBFB}</UniqueIdentifier>
      <Extensions>h;hh;hpp;hxx;h++;hm;inl;inc;ipp;xsd</Extensions>
    </Filter>
    <Filter Include="Resource Files">
      <UniqueIdentifier>{67DA6AB6-F800-4c08-8B7A-83BB121AAD01}</UniqueIdentifier>
      <Extensions>rc;ico;cur;bmp;dlg;rc2;rct;bin;rgs;gif;jpg;jpeg;jpe;resx;tiff;tif;png;wav;mfcribbon-ms</Extensions>
    </Filter>
    <Filter Include="Header Files\Components">
      <UniqueIdentifier>{1104a07f-1d4e-472e-974a-81b5130ebcb3}</UniqueIdentifier>
    </Filter>
    <Filter Include="Source Files\Components">
      <UniqueIdentifier>{85eae4c7-d27b-4784-bb40-4be34b1b221a}</UniqueIdentifier>
    </Filter>
    <Filter Include="Header Files\Scenes">
      <UniqueIdentifier>{c159310f-839a-4dde-ae56-d6820a271d68}</UniqueIdentifier>
    </Filter>
    <Filter Include="Header Files\Map">
      <UniqueIdentifier>{3f6289ba-20d7-49ed-a6f7-4d368cc88528}</UniqueIdentifier>
    </Filter>
    <Filter Include="Source Files\Scenes">
      <UniqueIdentifier>{32cf120d-dbfc-4da2-9d86-a07d06bde3d5}</UniqueIdentifier>
    </Filter>
    <Filter Include="Source Files\Map">
      <UniqueIdentifier>{63296919-e32f-4aae-8ce7-61aa62e635f2}</UniqueIdentifier>
    </Filter>
    <Filter Include="Header Files\Text">
      <UniqueIdentifier>{d7b42189-6679-46c9-87c3-adaa4fbdbfa3}</UniqueIdentifier>
    </Filter>
    <Filter Include="Source Files\Text">
      <UniqueIdentifier>{9b5700e7-ec58-42d1-be32-4f238523efbf}</UniqueIdentifier>
    </Filter>
    <Filter Include="Header Files\Modals">
      <UniqueIdentifier>{92df4dec-6c1e-4379-a57a-92c95d45ba43}</UniqueIdentifier>
    </Filter>
    <Filter Include="Source Files\Modals">
      <UniqueIdentifier>{1c56e7af-af7a-46b6-9ec8-45d248faffdb}</UniqueIdentifier>
    </Filter>
    <Filter Include="Header Files\Text\TextAction">
      <UniqueIdentifier>{714a284c-157c-4831-bb63-97c2cc95c57f}</UniqueIdentifier>
    </Filter>
    <Filter Include="Source Files\Text\TextAction">
      <UniqueIdentifier>{87e2bca4-0a57-4293-8c32-ee464076f628}</UniqueIdentifier>
    </Filter>
  </ItemGroup>
  <ItemGroup>
    <ClCompile Include="Main.cpp">
      <Filter>Source Files</Filter>
    </ClCompile>
    <ClCompile Include="Game.cpp">
      <Filter>Source Files</Filter>
    </ClCompile>
    <ClCompile Include="Window.cpp">
      <Filter>Source Files</Filter>
    </ClCompile>
    <ClCompile Include="Bitmask.cpp">
      <Filter>Source Files</Filter>
    </ClCompile>
    <ClCompile Include="Input.cpp">
      <Filter>Source Files</Filter>
    </ClCompile>
    <ClCompile Include="Object.cpp">
      <Filter>Source Files</Filter>
    </ClCompile>
    <ClCompile Include="Component_KeyboardMovement.cpp">
      <Filter>Source Files\Components</Filter>
    </ClCompile>
    <ClCompile Include="Component_Sprite.cpp">
      <Filter>Source Files\Components</Filter>
    </ClCompile>
    <ClCompile Include="Component_Transform.cpp">
      <Filter>Source Files\Components</Filter>
    </ClCompile>
    <ClCompile Include="ObjectCollection.cpp">
      <Filter>Source Files</Filter>
    </ClCompile>
    <ClCompile Include="Animation.cpp">
      <Filter>Source Files</Filter>
    </ClCompile>
    <ClCompile Include="Component_Animation.cpp">
      <Filter>Source Files\Components</Filter>
    </ClCompile>
    <ClCompile Include="SceneStateMachine.cpp">
      <Filter>Source Files\Scenes</Filter>
    </ClCompile>
    <ClCompile Include="SceneGame.cpp">
      <Filter>Source Files\Scenes</Filter>
    </ClCompile>
    <ClCompile Include="MapRenderer.cpp">
      <Filter>Source Files\Map</Filter>
    </ClCompile>
    <ClCompile Include="Component_MapCollision.cpp">
      <Filter>Source Files\Components</Filter>
    </ClCompile>
    <ClCompile Include="Component_BoxCollider.cpp">
      <Filter>Source Files\Components</Filter>
    </ClCompile>
    <ClCompile Include="Component_Camera.cpp">
      <Filter>Source Files\Components</Filter>
    </ClCompile>
    <ClCompile Include="Component_MovementAnimation.cpp">
      <Filter>Source Files\Components</Filter>
    </ClCompile>
    <ClCompile Include="Component_Velocity.cpp">
      <Filter>Source Files\Components</Filter>
    </ClCompile>
    <ClCompile Include="SceneMenu.cpp">
      <Filter>Source Files\Scenes</Filter>
    </ClCompile>
    <ClCompile Include="TextTemplate.cpp">
      <Filter>Source Files\Text</Filter>
    </ClCompile>
    <ClCompile Include="TextCollection.cpp">
      <Filter>Source Files\Text</Filter>
    </ClCompile>
    <ClCompile Include="Setup.cpp">
      <Filter>Source Files</Filter>
    </ClCompile>
    <ClCompile Include="ModalOptions.cpp">
      <Filter>Source Files\Modals</Filter>
    </ClCompile>
    <ClCompile Include="TextAction_Options.cpp">
      <Filter>Source Files\Text\TextAction</Filter>
    </ClCompile>
    <ClCompile Include="TextAction_Exit.cpp">
      <Filter>Source Files\Text\TextAction</Filter>
    </ClCompile>
    <ClCompile Include="TextAction_ExitOptionsModal.cpp">
      <Filter>Source Files\Text\TextAction</Filter>
    </ClCompile>
    <ClCompile Include="TextAction_LoadGame.cpp">
      <Filter>Source Files\Text\TextAction</Filter>
    </ClCompile>
    <ClCompile Include="TextAction_ChangeResolution.cpp">
      <Filter>Source Files\Text\TextAction</Filter>
    </ClCompile>
    <ClCompile Include="TextAction_VSyncSwitch.cpp">
      <Filter>Source Files\Text\TextAction</Filter>
    </ClCompile>
  </ItemGroup>
  <ItemGroup>
    <ClInclude Include="Window.hpp">
      <Filter>Header Files</Filter>
    </ClInclude>
    <ClInclude Include="Logs.hpp">
      <Filter>Header Files</Filter>
    </ClInclude>
    <ClInclude Include="Input.hpp">
      <Filter>Header Files</Filter>
    </ClInclude>
    <ClInclude Include="Game.hpp">
      <Filter>Header Files</Filter>
    </ClInclude>
    <ClInclude Include="Bitmask.hpp">
      <Filter>Header Files</Filter>
    </ClInclude>
    <ClInclude Include="Object.hpp">
      <Filter>Header Files</Filter>
    </ClInclude>
    <ClInclude Include="Component.hpp">
      <Filter>Header Files\Components</Filter>
    </ClInclude>
    <ClInclude Include="Component_KeyboardMovement.hpp">
      <Filter>Header Files\Components</Filter>
    </ClInclude>
    <ClInclude Include="Component_Sprite.hpp">
      <Filter>Header Files\Components</Filter>
    </ClInclude>
    <ClInclude Include="Component_Transform.hpp">
      <Filter>Header Files\Components</Filter>
    </ClInclude>
    <ClInclude Include="ResourceAllocator.hpp">
      <Filter>Header Files</Filter>
    </ClInclude>
    <ClInclude Include="ObjectCollection.hpp">
      <Filter>Header Files</Filter>
    </ClInclude>
    <ClInclude Include="Animation.hpp">
      <Filter>Header Files</Filter>
    </ClInclude>
    <ClInclude Include="Component_Animation.hpp">
      <Filter>Header Files\Components</Filter>
    </ClInclude>
    <ClInclude Include="SceneGame.hpp">
      <Filter>Header Files\Scenes</Filter>
    </ClInclude>
    <ClInclude Include="SceneStateMachine.hpp">
      <Filter>Header Files\Scenes</Filter>
    </ClInclude>
    <ClInclude Include="Scene.hpp">
      <Filter>Header Files\Scenes</Filter>
    </ClInclude>
    <ClInclude Include="MapLoader.hpp">
      <Filter>Header Files\Map</Filter>
    </ClInclude>
    <ClInclude Include="MapRenderer.h">
      <Filter>Header Files\Map</Filter>
    </ClInclude>
    <ClInclude Include="Component_MapCollision.hpp">
      <Filter>Header Files\Components</Filter>
    </ClInclude>
    <ClInclude Include="Component_BoxCollider.hpp">
      <Filter>Header Files\Components</Filter>
    </ClInclude>
    <ClInclude Include="Component_Camera.hpp">
      <Filter>Header Files\Components</Filter>
    </ClInclude>
    <ClInclude Include="Setup.hpp">
      <Filter>Header Files</Filter>
    </ClInclude>
    <ClInclude Include="Informations.hpp">
      <Filter>Header Files</Filter>
    </ClInclude>
    <ClInclude Include="Component_Velocity.hpp">
      <Filter>Header Files\Components</Filter>
    </ClInclude>
    <ClInclude Include="Component_MovementAnimation.hpp">
      <Filter>Header Files\Components</Filter>
    </ClInclude>
    <ClInclude Include="SceneMenu.hpp">
      <Filter>Header Files\Scenes</Filter>
    </ClInclude>
    <ClInclude Include="TextTemplate.hpp">
      <Filter>Header Files\Text</Filter>
    </ClInclude>
    <ClInclude Include="TextCollection.hpp">
      <Filter>Header Files\Text</Filter>
    </ClInclude>
    <ClInclude Include="ModalTemplate.hpp">
      <Filter>Header Files\Modals</Filter>
    </ClInclude>
    <ClInclude Include="ModalOptions.hpp">
      <Filter>Header Files\Modals</Filter>
    </ClInclude>
    <ClInclude Include="TextAction.hpp">
      <Filter>Header Files\Text\TextAction</Filter>
    </ClInclude>
    <ClInclude Include="TextAction_Exit.hpp">
      <Filter>Header Files\Text\TextAction</Filter>
    </ClInclude>
    <ClInclude Include="TextAction_LoadGame.hpp">
      <Filter>Header Files\Text\TextAction</Filter>
    </ClInclude>
    <ClInclude Include="TextAction_Options.hpp">
      <Filter>Header Files\Text\TextAction</Filter>
    </ClInclude>
    <ClInclude Include="TextAction_ExitOptionsModal.hpp">
      <Filter>Header Files\Text\TextAction</Filter>
    </ClInclude>
    <ClInclude Include="TextAction_ChangeResolution.hpp">
      <Filter>Header Files\Text\TextAction</Filter>
    </ClInclude>
    <ClInclude Include="TextAction_VSyncSwitch.hpp">
      <Filter>Header Files\Text\TextAction</Filter>
    </ClInclude>
  </ItemGroup>
  <ItemGroup>
    <Image Include="Graphics\map\Dark Tokyo.png">
      <Filter>Resource Files</Filter>
    </Image>
    <Image Include="Graphics\map\Dotonrobi.png">
      <Filter>Resource Files</Filter>
    </Image>
    <Image Include="Graphics\map\Japanese City.png">
      <Filter>Resource Files</Filter>
    </Image>
    <Image Include="Graphics\map\Japanese Interior.png">
      <Filter>Resource Files</Filter>
    </Image>
    <Image Include="Graphics\map\Japanese Kangawa.png">
      <Filter>Resource Files</Filter>
    </Image>
    <Image Include="Graphics\map\Japanese Osaka.png">
      <Filter>Resource Files</Filter>
    </Image>
    <Image Include="Graphics\map\Zen Garden.png">
      <Filter>Resource Files</Filter>
    </Image>
  </ItemGroup>
</Project>